
Microsoft Visual Studio Solution File, Format Version 12.00
# Visual Studio Version 17
VisualStudioVersion = 17.13.35931.197 d17.13
MinimumVisualStudioVersion = 10.0.40219.1
Project("{FAE04EC0-301F-11D3-BF4B-00C04F79EFBC}") = "MauiAppHotel", "MauiAppHotel\MauiAppHotel.csproj", "{40529DCF-D4B6-450C-996D-4995019E49EE}"
EndProject
Global
	GlobalSection(SolutionConfigurationPlatforms) = preSolution
		Debug|Any CPU = Debug|Any CPU
		Release|Any CPU = Release|Any CPU
	EndGlobalSection
	GlobalSection(ProjectConfigurationPlatforms) = postSolution
		{40529DCF-D4B6-450C-996D-4995019E49EE}.Debug|Any CPU.ActiveCfg = Debug|Any CPU
		{40529DCF-D4B6-450C-996D-4995019E49EE}.Debug|Any CPU.Build.0 = Debug|Any CPU
		{40529DCF-D4B6-450C-996D-4995019E49EE}.Release|Any CPU.ActiveCfg = Release|Any CPU
		{40529DCF-D4B6-450C-996D-4995019E49EE}.Release|Any CPU.Build.0 = Release|Any CPU
	EndGlobalSection
	GlobalSection(SolutionProperties) = preSolution
		HideSolutionNode = FALSE
	EndGlobalSection
	GlobalSection(ExtensibilityGlobals) = postSolution
		SolutionGuid = {196A6E29-45C0-4D2F-B810-B276C56799A4}
	EndGlobalSection
EndGlobal
